
Microsoft Visual Studio Solution File, Format Version 12.00
# Visual Studio Version 17
VisualStudioVersion = 17.2.32602.215
MinimumVisualStudioVersion = 10.0.40219.1
Project("{2150E333-8FDC-42A3-9474-1A3956D46DE8}") = "TelegramBot", "TelegramBot", "{440EC618-FA9A-45C9-9340-29F0439CE2A8}"
EndProject
Project("{9A19103F-16F7-4668-BE54-9A1E7A4F7556}") = "TelegramBot.DAL", "TelegramBot.DAL\TelegramBot.DAL.csproj", "{4FEFCD54-9DF6-429A-9A9A-2C0F8F9612F7}"
EndProject
Project("{9A19103F-16F7-4668-BE54-9A1E7A4F7556}") = "TelegramBot.Domain", "TelegramBot.Domain\TelegramBot.Domain.csproj", "{8DCF1668-6D24-4464-B10E-9EDDD9B8D2F9}"
EndProject
Project("{9A19103F-16F7-4668-BE54-9A1E7A4F7556}") = "TelegramBot.BLL", "TelegramBot.BLL\TelegramBot.BLL.csproj", "{3708E172-AD7E-4A79-8C64-44DAFB7537CE}"
EndProject
Project("{9A19103F-16F7-4668-BE54-9A1E7A4F7556}") = "TelegramBot.gRPC", "TelegramBot.gRPC\TelegramBot.gRPC.csproj", "{FAB481C0-DE37-4B43-A748-8B23DBE503C7}"
EndProject
Project("{2150E333-8FDC-42A3-9474-1A3956D46DE8}") = "FilesService", "FilesService", "{CD92A19E-35BA-4009-8DA5-0CF7B75B7693}"
EndProject
Project("{9A19103F-16F7-4668-BE54-9A1E7A4F7556}") = "Files.gRPC", "Files.gRPC\Files.gRPC.csproj", "{636DD75D-2154-4730-A7CD-4314933470A4}"
EndProject
Project("{9A19103F-16F7-4668-BE54-9A1E7A4F7556}") = "Files.DAL", "Files.DAL\Files.DAL.csproj", "{6D1DA1DA-2F9F-4121-9589-718FD5F61032}"
EndProject
Project("{9A19103F-16F7-4668-BE54-9A1E7A4F7556}") = "Files.BLL", "Files.BLL\Files.BLL.csproj", "{3B547F93-C25A-4D6D-8391-6BDD443713A8}"
EndProject
Project("{9A19103F-16F7-4668-BE54-9A1E7A4F7556}") = "Files.Domain", "Files.Domain\Files.Domain.csproj", "{8A30472D-F58D-4071-93F6-37059D193E0A}"
EndProject
Project("{2150E333-8FDC-42A3-9474-1A3956D46DE8}") = "Solution Items", "Solution Items", "{96699B63-9E5A-45B7-8BA3-ECF2CE617075}"
	ProjectSection(SolutionItems) = preProject
		.editorconfig = .editorconfig
	EndProjectSection
EndProject
Project("{2150E333-8FDC-42A3-9474-1A3956D46DE8}") = "NotificationService", "NotificationService", "{B86495F6-6FD1-4726-A06C-415EE509C5C8}"
EndProject
Project("{FAE04EC0-301F-11D3-BF4B-00C04F79EFBC}") = "Notifications.WebAPI", "Notifications.WebAPI\Notifications.WebAPI.csproj", "{4BD3019A-B115-4D3F-BD62-E941054A579D}"
EndProject
Project("{FAE04EC0-301F-11D3-BF4B-00C04F79EFBC}") = "Notifications.Domain", "Notifications.Domain\Notifications.Domain.csproj", "{3C6A611E-AC95-4671-960A-BE0F5240D6F5}"
EndProject
Project("{FAE04EC0-301F-11D3-BF4B-00C04F79EFBC}") = "Notifications.BLL", "Notifications.BLL\Notifications.BLL.csproj", "{A0FF633D-6A50-4459-BA5C-B9DB6E4F1045}"
EndProject
Project("{FAE04EC0-301F-11D3-BF4B-00C04F79EFBC}") = "Notifications.DAL", "Notifications.DAL\Notifications.DAL.csproj", "{A41F7EC1-68A3-41C7-8329-12AC3978D6B2}"
EndProject
Project("{FAE04EC0-301F-11D3-BF4B-00C04F79EFBC}") = "Notifications.gRPC", "Notifications.gRPC\Notifications.gRPC.csproj", "{3252EB77-2F8C-4CD8-BFC6-C99BA527058E}"
EndProject
Project("{FAE04EC0-301F-11D3-BF4B-00C04F79EFBC}") = "TelegramBot.NotificationAPI", "TelegramBot.NotificationAPI\TelegramBot.NotificationAPI.csproj", "{BDE67EBA-A46A-403B-8AE6-EF8478907062}"
EndProject
Global
	GlobalSection(SolutionConfigurationPlatforms) = preSolution
		Debug|Any CPU = Debug|Any CPU
		Release|Any CPU = Release|Any CPU
	EndGlobalSection
	GlobalSection(ProjectConfigurationPlatforms) = postSolution
		{4FEFCD54-9DF6-429A-9A9A-2C0F8F9612F7}.Debug|Any CPU.ActiveCfg = Debug|Any CPU
		{4FEFCD54-9DF6-429A-9A9A-2C0F8F9612F7}.Debug|Any CPU.Build.0 = Debug|Any CPU
		{4FEFCD54-9DF6-429A-9A9A-2C0F8F9612F7}.Release|Any CPU.ActiveCfg = Release|Any CPU
		{4FEFCD54-9DF6-429A-9A9A-2C0F8F9612F7}.Release|Any CPU.Build.0 = Release|Any CPU
		{8DCF1668-6D24-4464-B10E-9EDDD9B8D2F9}.Debug|Any CPU.ActiveCfg = Debug|Any CPU
		{8DCF1668-6D24-4464-B10E-9EDDD9B8D2F9}.Debug|Any CPU.Build.0 = Debug|Any CPU
		{8DCF1668-6D24-4464-B10E-9EDDD9B8D2F9}.Release|Any CPU.ActiveCfg = Release|Any CPU
		{8DCF1668-6D24-4464-B10E-9EDDD9B8D2F9}.Release|Any CPU.Build.0 = Release|Any CPU
		{3708E172-AD7E-4A79-8C64-44DAFB7537CE}.Debug|Any CPU.ActiveCfg = Debug|Any CPU
		{3708E172-AD7E-4A79-8C64-44DAFB7537CE}.Debug|Any CPU.Build.0 = Debug|Any CPU
		{3708E172-AD7E-4A79-8C64-44DAFB7537CE}.Release|Any CPU.ActiveCfg = Release|Any CPU
		{3708E172-AD7E-4A79-8C64-44DAFB7537CE}.Release|Any CPU.Build.0 = Release|Any CPU
		{FAB481C0-DE37-4B43-A748-8B23DBE503C7}.Debug|Any CPU.ActiveCfg = Debug|Any CPU
		{FAB481C0-DE37-4B43-A748-8B23DBE503C7}.Debug|Any CPU.Build.0 = Debug|Any CPU
		{FAB481C0-DE37-4B43-A748-8B23DBE503C7}.Release|Any CPU.ActiveCfg = Release|Any CPU
		{FAB481C0-DE37-4B43-A748-8B23DBE503C7}.Release|Any CPU.Build.0 = Release|Any CPU
		{636DD75D-2154-4730-A7CD-4314933470A4}.Debug|Any CPU.ActiveCfg = Debug|Any CPU
		{636DD75D-2154-4730-A7CD-4314933470A4}.Debug|Any CPU.Build.0 = Debug|Any CPU
		{636DD75D-2154-4730-A7CD-4314933470A4}.Release|Any CPU.ActiveCfg = Release|Any CPU
		{636DD75D-2154-4730-A7CD-4314933470A4}.Release|Any CPU.Build.0 = Release|Any CPU
		{6D1DA1DA-2F9F-4121-9589-718FD5F61032}.Debug|Any CPU.ActiveCfg = Debug|Any CPU
		{6D1DA1DA-2F9F-4121-9589-718FD5F61032}.Debug|Any CPU.Build.0 = Debug|Any CPU
		{6D1DA1DA-2F9F-4121-9589-718FD5F61032}.Release|Any CPU.ActiveCfg = Release|Any CPU
		{6D1DA1DA-2F9F-4121-9589-718FD5F61032}.Release|Any CPU.Build.0 = Release|Any CPU
		{3B547F93-C25A-4D6D-8391-6BDD443713A8}.Debug|Any CPU.ActiveCfg = Debug|Any CPU
		{3B547F93-C25A-4D6D-8391-6BDD443713A8}.Debug|Any CPU.Build.0 = Debug|Any CPU
		{3B547F93-C25A-4D6D-8391-6BDD443713A8}.Release|Any CPU.ActiveCfg = Release|Any CPU
		{3B547F93-C25A-4D6D-8391-6BDD443713A8}.Release|Any CPU.Build.0 = Release|Any CPU
		{8A30472D-F58D-4071-93F6-37059D193E0A}.Debug|Any CPU.ActiveCfg = Debug|Any CPU
		{8A30472D-F58D-4071-93F6-37059D193E0A}.Debug|Any CPU.Build.0 = Debug|Any CPU
		{8A30472D-F58D-4071-93F6-37059D193E0A}.Release|Any CPU.ActiveCfg = Release|Any CPU
		{8A30472D-F58D-4071-93F6-37059D193E0A}.Release|Any CPU.Build.0 = Release|Any CPU
		{4BD3019A-B115-4D3F-BD62-E941054A579D}.Debug|Any CPU.ActiveCfg = Debug|Any CPU
		{4BD3019A-B115-4D3F-BD62-E941054A579D}.Debug|Any CPU.Build.0 = Debug|Any CPU
		{4BD3019A-B115-4D3F-BD62-E941054A579D}.Release|Any CPU.ActiveCfg = Release|Any CPU
		{4BD3019A-B115-4D3F-BD62-E941054A579D}.Release|Any CPU.Build.0 = Release|Any CPU
		{3C6A611E-AC95-4671-960A-BE0F5240D6F5}.Debug|Any CPU.ActiveCfg = Debug|Any CPU
		{3C6A611E-AC95-4671-960A-BE0F5240D6F5}.Debug|Any CPU.Build.0 = Debug|Any CPU
		{3C6A611E-AC95-4671-960A-BE0F5240D6F5}.Release|Any CPU.ActiveCfg = Release|Any CPU
		{3C6A611E-AC95-4671-960A-BE0F5240D6F5}.Release|Any CPU.Build.0 = Release|Any CPU
		{A0FF633D-6A50-4459-BA5C-B9DB6E4F1045}.Debug|Any CPU.ActiveCfg = Debug|Any CPU
		{A0FF633D-6A50-4459-BA5C-B9DB6E4F1045}.Debug|Any CPU.Build.0 = Debug|Any CPU
		{A0FF633D-6A50-4459-BA5C-B9DB6E4F1045}.Release|Any CPU.ActiveCfg = Release|Any CPU
		{A0FF633D-6A50-4459-BA5C-B9DB6E4F1045}.Release|Any CPU.Build.0 = Release|Any CPU
		{A41F7EC1-68A3-41C7-8329-12AC3978D6B2}.Debug|Any CPU.ActiveCfg = Debug|Any CPU
		{A41F7EC1-68A3-41C7-8329-12AC3978D6B2}.Debug|Any CPU.Build.0 = Debug|Any CPU
		{A41F7EC1-68A3-41C7-8329-12AC3978D6B2}.Release|Any CPU.ActiveCfg = Release|Any CPU
		{A41F7EC1-68A3-41C7-8329-12AC3978D6B2}.Release|Any CPU.Build.0 = Release|Any CPU
		{3252EB77-2F8C-4CD8-BFC6-C99BA527058E}.Debug|Any CPU.ActiveCfg = Debug|Any CPU
		{3252EB77-2F8C-4CD8-BFC6-C99BA527058E}.Debug|Any CPU.Build.0 = Debug|Any CPU
		{3252EB77-2F8C-4CD8-BFC6-C99BA527058E}.Release|Any CPU.ActiveCfg = Release|Any CPU
		{3252EB77-2F8C-4CD8-BFC6-C99BA527058E}.Release|Any CPU.Build.0 = Release|Any CPU
		{BDE67EBA-A46A-403B-8AE6-EF8478907062}.Debug|Any CPU.ActiveCfg = Debug|Any CPU
		{BDE67EBA-A46A-403B-8AE6-EF8478907062}.Debug|Any CPU.Build.0 = Debug|Any CPU
		{BDE67EBA-A46A-403B-8AE6-EF8478907062}.Release|Any CPU.ActiveCfg = Release|Any CPU
		{BDE67EBA-A46A-403B-8AE6-EF8478907062}.Release|Any CPU.Build.0 = Release|Any CPU
	EndGlobalSection
	GlobalSection(SolutionProperties) = preSolution
		HideSolutionNode = FALSE
	EndGlobalSection
	GlobalSection(NestedProjects) = preSolution
		{4FEFCD54-9DF6-429A-9A9A-2C0F8F9612F7} = {440EC618-FA9A-45C9-9340-29F0439CE2A8}
		{8DCF1668-6D24-4464-B10E-9EDDD9B8D2F9} = {440EC618-FA9A-45C9-9340-29F0439CE2A8}
		{3708E172-AD7E-4A79-8C64-44DAFB7537CE} = {440EC618-FA9A-45C9-9340-29F0439CE2A8}
		{FAB481C0-DE37-4B43-A748-8B23DBE503C7} = {440EC618-FA9A-45C9-9340-29F0439CE2A8}
		{636DD75D-2154-4730-A7CD-4314933470A4} = {CD92A19E-35BA-4009-8DA5-0CF7B75B7693}
		{6D1DA1DA-2F9F-4121-9589-718FD5F61032} = {CD92A19E-35BA-4009-8DA5-0CF7B75B7693}
		{3B547F93-C25A-4D6D-8391-6BDD443713A8} = {CD92A19E-35BA-4009-8DA5-0CF7B75B7693}
		{8A30472D-F58D-4071-93F6-37059D193E0A} = {CD92A19E-35BA-4009-8DA5-0CF7B75B7693}
		{4BD3019A-B115-4D3F-BD62-E941054A579D} = {B86495F6-6FD1-4726-A06C-415EE509C5C8}
		{3C6A611E-AC95-4671-960A-BE0F5240D6F5} = {B86495F6-6FD1-4726-A06C-415EE509C5C8}
		{A0FF633D-6A50-4459-BA5C-B9DB6E4F1045} = {B86495F6-6FD1-4726-A06C-415EE509C5C8}
		{A41F7EC1-68A3-41C7-8329-12AC3978D6B2} = {B86495F6-6FD1-4726-A06C-415EE509C5C8}
		{3252EB77-2F8C-4CD8-BFC6-C99BA527058E} = {B86495F6-6FD1-4726-A06C-415EE509C5C8}
		{BDE67EBA-A46A-403B-8AE6-EF8478907062} = {440EC618-FA9A-45C9-9340-29F0439CE2A8}
	EndGlobalSection
	GlobalSection(ExtensibilityGlobals) = postSolution
		SolutionGuid = {54C7D869-7B87-4B54-B154-9AFE70D3D058}
	EndGlobalSection
EndGlobal
